# @generated - this file is auto-generated by `mise lock` https://mise.en.dev/dev-tools/mise-lock.html

[[tools."github:EmbarkStudios/cargo-about"]]
version = "0.9.1"
backend = "github:EmbarkStudios/cargo-about"

[tools."github:EmbarkStudios/cargo-about"."platforms.linux-arm64"]
checksum = "sha256:d13ff19fedb566f859831c0b71c22120e7c598c7753d5f1018dd7353c6ced02a"
url = "https://github.com/EmbarkStudios/cargo-about/releases/download/0.9.1/cargo-about-0.9.1-aarch64-unknown-linux-musl.tar.gz"
url_api = "https://api.github.com/repos/EmbarkStudios/cargo-about/releases/assets/461985054"

[tools."github:EmbarkStudios/cargo-about"."platforms.linux-arm64-musl"]
checksum = "sha256:d13ff19fedb566f859831c0b71c22120e7c598c7753d5f1018dd7353c6ced02a"
url = "https://github.com/EmbarkStudios/cargo-about/releases/download/0.9.1/cargo-about-0.9.1-aarch64-unknown-linux-musl.tar.gz"
url_api = "https://api.github.com/repos/EmbarkStudios/cargo-about/releases/assets/461985054"

[tools."github:EmbarkStudios/cargo-about"."platforms.linux-x64"]
checksum = "sha256:c0e7dc6f5d74b0beec5c0053d39ab24514c717d19acd91886907a22457ea9e98"
url = "https://github.com/EmbarkStudios/cargo-about/releases/download/0.9.1/cargo-about-0.9.1-x86_64-unknown-linux-musl.tar.gz"
url_api = "https://api.github.com/repos/EmbarkStudios/cargo-about/releases/assets/461984931"

[tools."github:EmbarkStudios/cargo-about"."platforms.linux-x64-musl"]
checksum = "sha256:c0e7dc6f5d74b0beec5c0053d39ab24514c717d19acd91886907a22457ea9e98"
url = "https://github.com/EmbarkStudios/cargo-about/releases/download/0.9.1/cargo-about-0.9.1-x86_64-unknown-linux-musl.tar.gz"
url_api = "https://api.github.com/repos/EmbarkStudios/cargo-about/releases/assets/461984931"

[tools."github:EmbarkStudios/cargo-about"."platforms.windows-x64"]
checksum = "sha256:318893aff6b9efd60f70470f5827b9577ae20a805cf9732d5612862a78508581"
url = "https://github.com/EmbarkStudios/cargo-about/releases/download/0.9.1/cargo-about-0.9.1-x86_64-pc-windows-msvc.tar.gz"
url_api = "https://api.github.com/repos/EmbarkStudios/cargo-about/releases/assets/461986502"

[[tools."github:sevenc-nanashi/aviutl2-cli"]]
version = "0.9.1"
backend = "github:sevenc-nanashi/aviutl2-cli"

[tools."github:sevenc-nanashi/aviutl2-cli"."platforms.linux-arm64"]
checksum = "sha256:6285fd35283de82fb1b1240e93f11be7b94621bc273839bce51d96a4076feea4"
url = "https://github.com/sevenc-nanashi/aviutl2-cli/releases/download/0.9.1/au2-v0.9.1-linux"
url_api = "https://api.github.com/repos/sevenc-nanashi/aviutl2-cli/releases/assets/466265762"

[tools."github:sevenc-nanashi/aviutl2-cli"."platforms.linux-arm64-musl"]
checksum = "sha256:6285fd35283de82fb1b1240e93f11be7b94621bc273839bce51d96a4076feea4"
url = "https://github.com/sevenc-nanashi/aviutl2-cli/releases/download/0.9.1/au2-v0.9.1-linux"
url_api = "https://api.github.com/repos/sevenc-nanashi/aviutl2-cli/releases/assets/466265762"

[tools."github:sevenc-nanashi/aviutl2-cli"."platforms.linux-x64"]
checksum = "sha256:6285fd35283de82fb1b1240e93f11be7b94621bc273839bce51d96a4076feea4"
url = "https://github.com/sevenc-nanashi/aviutl2-cli/releases/download/0.9.1/au2-v0.9.1-linux"
url_api = "https://api.github.com/repos/sevenc-nanashi/aviutl2-cli/releases/assets/466265762"

[tools."github:sevenc-nanashi/aviutl2-cli"."platforms.linux-x64-musl"]
checksum = "sha256:6285fd35283de82fb1b1240e93f11be7b94621bc273839bce51d96a4076feea4"
url = "https://github.com/sevenc-nanashi/aviutl2-cli/releases/download/0.9.1/au2-v0.9.1-linux"
url_api = "https://api.github.com/repos/sevenc-nanashi/aviutl2-cli/releases/assets/466265762"

[tools."github:sevenc-nanashi/aviutl2-cli"."platforms.windows-x64"]
checksum = "sha256:54ade0f4127ecd67adc8cc62d865f63f391deb641deeff0541fbd8d70608471e"
url = "https://github.com/sevenc-nanashi/aviutl2-cli/releases/download/0.9.1/au2-v0.9.1-windows.exe"
url_api = "https://api.github.com/repos/sevenc-nanashi/aviutl2-cli/releases/assets/466265763"
